// !$*UTF8*$!
{
	archiveVersion = 1;
	classes = {
	};
	objectVersion = 50;
	objects = {

/* Begin PBXBuildFile section */
		18C0F1C4268C70D100714338 /* AppDelegate.swift in Sources */ = {isa = PBXBuildFile; fileRef = 18C0F1C3268C70D100714338 /* AppDelegate.swift */; };
		18C0F1C6268C70D100714338 /* SceneDelegate.swift in Sources */ = {isa = PBXBuildFile; fileRef = 18C0F1C5268C70D100714338 /* SceneDelegate.swift */; };
		18C0F1C8268C70D100714338 /* ViewController.swift in Sources */ = {isa = PBXBuildFile; fileRef = 18C0F1C7268C70D100714338 /* ViewController.swift */; };
		18C0F1CB268C70D100714338 /* Main.storyboard in Resources */ = {isa = PBXBuildFile; fileRef = 18C0F1C9268C70D100714338 /* Main.storyboard */; };
		18C0F1CD268C70D400714338 /* Assets.xcassets in Resources */ = {isa = PBXBuildFile; fileRef = 18C0F1CC268C70D400714338 /* Assets.xcassets */; };
		18C0F1D0268C70D400714338 /* LaunchScreen.storyboard in Resources */ = {isa = PBXBuildFile; fileRef = 18C0F1CE268C70D400714338 /* LaunchScreen.storyboard */; };
		18C0F1D9268C71E000714338 /* ViewAViewController.swift in Sources */ = {isa = PBXBuildFile; fileRef = 18C0F1D8268C71E000714338 /* ViewAViewController.swift */; };
		18C0F1DE268C71FB00714338 /* ViewBViewController.swift in Sources */ = {isa = PBXBuildFile; fileRef = 18C0F1DD268C71FB00714338 /* ViewBViewController.swift */; };
		18C0F1E1268C720F00714338 /* ViewCViewController.swift in Sources */ = {isa = PBXBuildFile; fileRef = 18C0F1E0268C720F00714338 /* ViewCViewController.swift */; };
		18C0F1E4268C721900714338 /* ViewDViewController.swift in Sources */ = {isa = PBXBuildFile; fileRef = 18C0F1E3268C721900714338 /* ViewDViewController.swift */; };
/* End PBXBuildFile section */

/* Begin PBXFileReference section */
		18C0F1C0268C70D100714338 /* test.app */ = {isa = PBXFileReference; explicitFileType = wrapper.application; includeInIndex = 0; path = test.app; sourceTree = BUILT_PRODUCTS_DIR; };
		18C0F1C3268C70D100714338 /* AppDelegate.swift */ = {isa = PBXFileReference; lastKnownFileType = sourcecode.swift; path = AppDelegate.swift; sourceTree = "<group>"; };
		18C0F1C5268C70D100714338 /* SceneDelegate.swift */ = {isa = PBXFileReference; lastKnownFileType = sourcecode.swift; path = SceneDelegate.swift; sourceTree = "<group>"; };
		18C0F1C7268C70D100714338 /* ViewController.swift */ = {isa = PBXFileReference; lastKnownFileType = sourcecode.swift; path = ViewController.swift; sourceTree = "<group>"; };
		18C0F1CA268C70D100714338 /* Base */ = {isa = PBXFileReference; lastKnownFileType = file.storyboard; name = Base; path = Base.lproj/Main.storyboard; sourceTree = "<group>"; };
		18C0F1CC268C70D400714338 /* Assets.xcassets */ = {isa = PBXFileReference; lastKnownFileType = folder.assetcatalog; path = Assets.xcassets; sourceTree = "<group>"; };
		18C0F1CF268C70D400714338 /* Base */ = {isa = PBXFileReference; lastKnownFileType = file.storyboard; name = Base; path = Base.lproj/LaunchScreen.storyboard; sourceTree = "<group>"; };
		18C0F1D1268C70D400714338 /* Info.plist */ = {isa = PBXFileReference; lastKnownFileType = text.plist.xml; path = Info.plist; sourceTree = "<group>"; };
		18C0F1D8268C71E000714338 /* ViewAViewController.swift */ = {isa = PBXFileReference; lastKnownFileType = sourcecode.swift; path = ViewAViewController.swift; sourceTree = "<group>"; };
		18C0F1DD268C71FB00714338 /* ViewBViewController.swift */ = {isa = PBXFileReference; lastKnownFileType = sourcecode.swift; path = ViewBViewController.swift; sourceTree = "<group>"; };
		18C0F1E0268C720F00714338 /* ViewCViewController.swift */ = {isa = PBXFileReference; lastKnownFileType = sourcecode.swift; path = ViewCViewController.swift; sourceTree = "<group>"; };
		18C0F1E3268C721900714338 /* ViewDViewController.swift */ = {isa = PBXFileReference; lastKnownFileType = sourcecode.swift; path = ViewDViewController.swift; sourceTree = "<group>"; };
/* End PBXFileReference section */

/* Begin PBXFrameworksBuildPhase section */
		18C0F1BD268C70D100714338 /* Frameworks */ = {
			isa = PBXFrameworksBuildPhase;
			buildActionMask = 2147483647;
			files = (
			);
			runOnlyForDeploymentPostprocessing = 0;
		};
/* End PBXFrameworksBuildPhase section */

/* Begin PBXGroup section */
		18C0F1B7268C70D100714338 = {
			isa = PBXGroup;
			children = (
				18C0F1C2268C70D100714338 /* test */,
				18C0F1C1268C70D100714338 /* Products */,
			);
			sourceTree = "<group>";
		};
		18C0F1C1268C70D100714338 /* Products */ = {
			isa = PBXGroup;
			children = (
				18C0F1C0268C70D100714338 /* test.app */,
			);
			name = Products;
			sourceTree = "<group>";
		};
		18C0F1C2268C70D100714338 /* test */ = {
			isa = PBXGroup;
			children = (
				18C0F1C3268C70D100714338 /* AppDelegate.swift */,
				18C0F1C5268C70D100714338 /* SceneDelegate.swift */,
				18C0F1DB268C71EC00714338 /* View */,
				18C0F1C7268C70D100714338 /* ViewController.swift */,
				18C0F1C9268C70D100714338 /* Main.storyboard */,
				18C0F1CC268C70D400714338 /* Assets.xcassets */,
				18C0F1CE268C70D400714338 /* LaunchScreen.storyboard */,
				18C0F1D1268C70D400714338 /* Info.plist */,
			);
			path = test;
			sourceTree = "<group>";
		};
		18C0F1DB268C71EC00714338 /* View */ = {
			isa = PBXGroup;
			children = (
				18C0F1D8268C71E000714338 /* ViewAViewController.swift */,
				18C0F1DD268C71FB00714338 /* ViewBViewController.swift */,
				18C0F1E0268C720F00714338 /* ViewCViewController.swift */,
				18C0F1E3268C721900714338 /* ViewDViewController.swift */,
			);
			path = View;
			sourceTree = "<group>";
		};
/* End PBXGroup section */

/* Begin PBXNativeTarget section */
		18C0F1BF268C70D100714338 /* test */ = {
			isa = PBXNativeTarget;
			buildConfigurationList = 18C0F1D4268C70D400714338 /* Build configuration list for PBXNativeTarget "test" */;
			buildPhases = (
				18C0F1BC268C70D100714338 /* Sources */,
				18C0F1BD268C70D100714338 /* Frameworks */,
				18C0F1BE268C70D100714338 /* Resources */,
			);
			buildRules = (
			);
			dependencies = (
			);
			name = test;
			productName = test;
			productReference = 18C0F1C0268C70D100714338 /* test.app */;
			productType = "com.apple.product-type.application";
		};
/* End PBXNativeTarget section */

/* Begin PBXProject section */
		18C0F1B8268C70D100714338 /* Project object */ = {
			isa = PBXProject;
			attributes = {
				LastSwiftUpdateCheck = 1240;
				LastUpgradeCheck = 1240;
				TargetAttributes = {
					18C0F1BF268C70D100714338 = {
						CreatedOnToolsVersion = 12.4;
					};
				};
			};
			buildConfigurationList = 18C0F1BB268C70D100714338 /* Build configuration list for PBXProject "test" */;
			compatibilityVersion = "Xcode 9.3";
			developmentRegion = en;
			hasScannedForEncodings = 0;
			knownRegions = (
				en,
				Base,
			);
			mainGroup = 18C0F1B7268C70D100714338;
			productRefGroup = 18C0F1C1268C70D100714338 /* Products */;
			projectDirPath = "";
			projectRoot = "";
			targets = (
				18C0F1BF268C70D100714338 /* test */,
			);
		};
/* End PBXProject section */

/* Begin PBXResourcesBuildPhase section */
		18C0F1BE268C70D100714338 /* Resources */ = {
			isa = PBXResourcesBuildPhase;
			buildActionMask = 2147483647;
			files = (
				18C0F1D0268C70D400714338 /* LaunchScreen.storyboard in Resources */,
				18C0F1CD268C70D400714338 /* Assets.xcassets in Resources */,
				18C0F1CB268C70D100714338 /* Main.storyboard in Resources */,
			);
			runOnlyForDeploymentPostprocessing = 0;
		};
/* End PBXResourcesBuildPhase section */

/* Begin PBXSourcesBuildPhase section */
		18C0F1BC268C70D100714338 /* Sources */ = {
			isa = PBXSourcesBuildPhase;
			buildActionMask = 2147483647;
			files = (
				18C0F1C8268C70D100714338 /* ViewController.swift in Sources */,
				18C0F1E1268C720F00714338 /* ViewCViewController.swift in Sources */,
				18C0F1E4268C721900714338 /* ViewDViewController.swift in Sources */,
				18C0F1C4268C70D100714338 /* AppDelegate.swift in Sources */,
				18C0F1C6268C70D100714338 /* SceneDelegate.swift in Sources */,
				18C0F1D9268C71E000714338 /* ViewAViewController.swift in Sources */,
				18C0F1DE268C71FB00714338 /* ViewBViewController.swift in Sources */,
			);
			runOnlyForDeploymentPostprocessing = 0;
		};
/* End PBXSourcesBuildPhase section */

/* Begin PBXVariantGroup section */
		18C0F1C9268C70D100714338 /* Main.storyboard */ = {
			isa = PBXVariantGroup;
			children = (
				18C0F1CA268C70D100714338 /* Base */,
			);
			name = Main.storyboard;
			sourceTree = "<group>";
		};
		18C0F1CE268C70D400714338 /* LaunchScreen.storyboard */ = {
			isa = PBXVariantGroup;
			children = (
				18C0F1CF268C70D400714338 /* Base */,
			);
			name = LaunchScreen.storyboard;
			sourceTree = "<group>";
		};
/* End PBXVariantGroup section */

/* Begin XCBuildConfiguration section */
		18C0F1D2268C70D400714338 /* Debug */ = {
			isa = XCBuildConfiguration;
			buildSettings = {
				ALWAYS_SEARCH_USER_PATHS = NO;
				CLANG_ANALYZER_NONNULL = YES;
				CLANG_ANALYZER_NUMBER_OBJECT_CONVERSION = YES_AGGRESSIVE;
				CLANG_CXX_LANGUAGE_STANDARD = "gnu++14";
				CLANG_CXX_LIBRARY = "libc++";
				CLANG_ENABLE_MODULES = YES;
				CLANG_ENABLE_OBJC_ARC = YES;
				CLANG_ENABLE_OBJC_WEAK = YES;
				CLANG_WARN_BLOCK_CAPTURE_AUTORELEASING = YES;
				CLANG_WARN_BOOL_CONVERSION = YES;
				CLANG_WARN_COMMA = YES;
				CLANG_WARN_CONSTANT_CONVERSION = YES;
				CLANG_WARN_DEPRECATED_OBJC_IMPLEMENTATIONS = YES;
				CLANG_WARN_DIRECT_OBJC_ISA_USAGE = YES_ERROR;
				CLANG_WARN_DOCUMENTATION_COMMENTS = YES;
				CLANG_WARN_EMPTY_BODY = YES;
				CLANG_WARN_ENUM_CONVERSION = YES;
				CLANG_WARN_INFINITE_RECURSION = YES;
				CLANG_WARN_INT_CONVERSION = YES;
				CLANG_WARN_NON_LITERAL_NULL_CONVERSION = YES;
				CLANG_WARN_OBJC_IMPLICIT_RETAIN_SELF = YES;
				CLANG_WARN_OBJC_LITERAL_CONVERSION = YES;
				CLANG_WARN_OBJC_ROOT_CLASS = YES_ERROR;
				CLANG_WARN_QUOTED_INCLUDE_IN_FRAMEWORK_HEADER = YES;
				CLANG_WARN_RANGE_LOOP_ANALYSIS = YES;
				CLANG_WARN_STRICT_PROTOTYPES = YES;
				CLANG_WARN_SUSPICIOUS_MOVE = YES;
				CLANG_WARN_UNGUARDED_AVAILABILITY = YES_AGGRESSIVE;
				CLANG_WARN_UNREACHABLE_CODE = YES;
				CLANG_WARN__DUPLICATE_METHOD_MATCH = YES;
				COPY_PHASE_STRIP = NO;
				DEBUG_INFORMATION_FORMAT = dwarf;
				ENABLE_STRICT_OBJC_MSGSEND = YES;
				ENABLE_TESTABILITY = YES;
				GCC_C_LANGUAGE_STANDARD = gnu11;
				GCC_DYNAMIC_NO_PIC = NO;
				GCC_NO_COMMON_BLOCKS = YES;
				GCC_OPTIMIZATION_LEVEL = 0;
				GCC_PREPROCESSOR_DEFINITIONS = (
					"DEBUG=1",
					"$(inherited)",
				);
				GCC_WARN_64_TO_32_BIT_CONVERSION = YES;
				GCC_WARN_ABOUT_RETURN_TYPE = YES_ERROR;
				GCC_WARN_UNDECLARED_SELECTOR = YES;
				GCC_WARN_UNINITIALIZED_AUTOS = YES_AGGRESSIVE;
				GCC_WARN_UNUSED_FUNCTION = YES;
				GCC_WARN_UNUSED_VARIABLE = YES;
				IPHONEOS_DEPLOYMENT_TARGET = 14.4;
				MTL_ENABLE_DEBUG_INFO = INCLUDE_SOURCE;
				MTL_FAST_MATH = YES;
				ONLY_ACTIVE_ARCH = YES;
				SDKROOT = iphoneos;
				SWIFT_ACTIVE_COMPILATION_CONDITIONS = DEBUG;
				SWIFT_OPTIMIZATION_LEVEL = "-Onone";
			};
			name = Debug;
		};
		18C0F1D3268C70D400714338 /* Release */ = {
			isa = XCBuildConfiguration;
			buildSettings = {
				ALWAYS_SEARCH_USER_PATHS = NO;
				CLANG_ANALYZER_NONNULL = YES;
				CLANG_ANALYZER_NUMBER_OBJECT_CONVERSION = YES_AGGRESSIVE;
				CLANG_CXX_LANGUAGE_STANDARD = "gnu++14";
				CLANG_CXX_LIBRARY = "libc++";
				CLANG_ENABLE_MODULES = YES;
				CLANG_ENABLE_OBJC_ARC = YES;
				CLANG_ENABLE_OBJC_WEAK = YES;
				CLANG_WARN_BLOCK_CAPTURE_AUTORELEASING = YES;
				CLANG_WARN_BOOL_CONVERSION = YES;
				CLANG_WARN_COMMA = YES;
				CLANG_WARN_CONSTANT_CONVERSION = YES;
				CLANG_WARN_DEPRECATED_OBJC_IMPLEMENTATIONS = YES;
				CLANG_WARN_DIRECT_OBJC_ISA_USAGE = YES_ERROR;
				CLANG_WARN_DOCUMENTATION_COMMENTS = YES;
				CLANG_WARN_EMPTY_BODY = YES;
				CLANG_WARN_ENUM_CONVERSION = YES;
				CLANG_WARN_INFINITE_RECURSION = YES;
				CLANG_WARN_INT_CONVERSION = YES;
				CLANG_WARN_NON_LITERAL_NULL_CONVERSION = YES;
				CLANG_WARN_OBJC_IMPLICIT_RETAIN_SELF = YES;
				CLANG_WARN_OBJC_LITERAL_CONVERSION = YES;
				CLANG_WARN_OBJC_ROOT_CLASS = YES_ERROR;
				CLANG_WARN_QUOTED_INCLUDE_IN_FRAMEWORK_HEADER = YES;
				CLANG_WARN_RANGE_LOOP_ANALYSIS = YES;
				CLANG_WARN_STRICT_PROTOTYPES = YES;
				CLANG_WARN_SUSPICIOUS_MOVE = YES;
				CLANG_WARN_UNGUARDED_AVAILABILITY = YES_AGGRESSIVE;
				CLANG_WARN_UNREACHABLE_CODE = YES;
				CLANG_WARN__DUPLICATE_METHOD_MATCH = YES;
				COPY_PHASE_STRIP = NO;
				DEBUG_INFORMATION_FORMAT = "dwarf-with-dsym";
				ENABLE_NS_ASSERTIONS = NO;
				ENABLE_STRICT_OBJC_MSGSEND = YES;
				GCC_C_LANGUAGE_STANDARD = gnu11;
				GCC_NO_COMMON_BLOCKS = YES;
				GCC_WARN_64_TO_32_BIT_CONVERSION = YES;
				GCC_WARN_ABOUT_RETURN_TYPE = YES_ERROR;
				GCC_WARN_UNDECLARED_SELECTOR = YES;
				GCC_WARN_UNINITIALIZED_AUTOS = YES_AGGRESSIVE;
				GCC_WARN_UNUSED_FUNCTION = YES;
				GCC_WARN_UNUSED_VARIABLE = YES;
				IPHONEOS_DEPLOYMENT_TARGET = 14.4;
				MTL_ENABLE_DEBUG_INFO = NO;
				MTL_FAST_MATH = YES;
				SDKROOT = iphoneos;
				SWIFT_COMPILATION_MODE = wholemodule;
				SWIFT_OPTIMIZATION_LEVEL = "-O";
				VALIDATE_PRODUCT = YES;
			};
			name = Release;
		};
		18C0F1D5268C70D400714338 /* Debug */ = {
			isa = XCBuildConfiguration;
			buildSettings = {
				ASSETCATALOG_COMPILER_APPICON_NAME = AppIcon;
				ASSETCATALOG_COMPILER_GLOBAL_ACCENT_COLOR_NAME = AccentColor;
				CODE_SIGN_STYLE = Automatic;
				DEVELOPMENT_TEAM = NQ8H98WR4R;
				INFOPLIST_FILE = test/Info.plist;
				LD_RUNPATH_SEARCH_PATHS = (
					"$(inherited)",
					"@executable_path/Frameworks",
				);
				PRODUCT_BUNDLE_IDENTIFIER = linhpk.com.test;
				PRODUCT_NAME = "$(TARGET_NAME)";
				SWIFT_VERSION = 5.0;
				TARGETED_DEVICE_FAMILY = "1,2";
			};
			name = Debug;
		};
		18C0F1D6268C70D400714338 /* Release */ = {
			isa = XCBuildConfiguration;
			buildSettings = {
				ASSETCATALOG_COMPILER_APPICON_NAME = AppIcon;
				ASSETCATALOG_COMPILER_GLOBAL_ACCENT_COLOR_NAME = AccentColor;
				CODE_SIGN_STYLE = Automatic;
				DEVELOPMENT_TEAM = NQ8H98WR4R;
				INFOPLIST_FILE = test/Info.plist;
				LD_RUNPATH_SEARCH_PATHS = (
					"$(inherited)",
					"@executable_path/Frameworks",
				);
				PRODUCT_BUNDLE_IDENTIFIER = linhpk.com.test;
				PRODUCT_NAME = "$(TARGET_NAME)";
				SWIFT_VERSION = 5.0;
				TARGETED_DEVICE_FAMILY = "1,2";
			};
			name = Release;
		};
/* End XCBuildConfiguration section */

/* Begin XCConfigurationList section */
		18C0F1BB268C70D100714338 /* Build configuration list for PBXProject "test" */ = {
			isa = XCConfigurationList;
			buildConfigurations = (
				18C0F1D2268C70D400714338 /* Debug */,
				18C0F1D3268C70D400714338 /* Release */,
			);
			defaultConfigurationIsVisible = 0;
			defaultConfigurationName = Release;
		};
		18C0F1D4268C70D400714338 /* Build configuration list for PBXNativeTarget "test" */ = {
			isa = XCConfigurationList;
			buildConfigurations = (
				18C0F1D5268C70D400714338 /* Debug */,
				18C0F1D6268C70D400714338 /* Release */,
			);
			defaultConfigurationIsVisible = 0;
			defaultConfigurationName = Release;
		};
/* End XCConfigurationList section */
	};
	rootObject = 18C0F1B8268C70D100714338 /* Project object */;
}
